
Microsoft Visual Studio Solution File, Format Version 12.00
# Visual Studio Version 16
VisualStudioVersion = 16.0.31624.102
MinimumVisualStudioVersion = 10.0.40219.1
Project("{9A19103F-16F7-4668-BE54-9A1E7A4F7556}") = "ProductGrpc", "ProductGrpc\ProductGrpc.csproj", "{BCCBB235-DF39-46E4-BA6D-59B536F22C1E}"
EndProject
Project("{2150E333-8FDC-42A3-9474-1A3956D46DE8}") = "Clients", "Clients", "{7A4A85C7-690E-4F19-B186-661C37D6EA7D}"
EndProject
Project("{9A19103F-16F7-4668-BE54-9A1E7A4F7556}") = "ProductGrpcClient", "ProductGrpcClient\ProductGrpcClient.csproj", "{1BA0D333-8510-45E8-90CD-45BC7E94FEFE}"
EndProject
Project("{FAE04EC0-301F-11D3-BF4B-00C04F79EFBC}") = "ProductWorkerServiceGrpc", "ProductWorkerServiceGrpc\ProductWorkerServiceGrpc.csproj", "{159F44E1-CDA5-4B39-BB9C-70531EEA1AF9}"
EndProject
Global
	GlobalSection(SolutionConfigurationPlatforms) = preSolution
		Debug|Any CPU = Debug|Any CPU
		Release|Any CPU = Release|Any CPU
	EndGlobalSection
	GlobalSection(ProjectConfigurationPlatforms) = postSolution
		{BCCBB235-DF39-46E4-BA6D-59B536F22C1E}.Debug|Any CPU.ActiveCfg = Debug|Any CPU
		{BCCBB235-DF39-46E4-BA6D-59B536F22C1E}.Debug|Any CPU.Build.0 = Debug|Any CPU
		{BCCBB235-DF39-46E4-BA6D-59B536F22C1E}.Release|Any CPU.ActiveCfg = Release|Any CPU
		{BCCBB235-DF39-46E4-BA6D-59B536F22C1E}.Release|Any CPU.Build.0 = Release|Any CPU
		{1BA0D333-8510-45E8-90CD-45BC7E94FEFE}.Debug|Any CPU.ActiveCfg = Debug|Any CPU
		{1BA0D333-8510-45E8-90CD-45BC7E94FEFE}.Debug|Any CPU.Build.0 = Debug|Any CPU
		{1BA0D333-8510-45E8-90CD-45BC7E94FEFE}.Release|Any CPU.ActiveCfg = Release|Any CPU
		{1BA0D333-8510-45E8-90CD-45BC7E94FEFE}.Release|Any CPU.Build.0 = Release|Any CPU
		{159F44E1-CDA5-4B39-BB9C-70531EEA1AF9}.Debug|Any CPU.ActiveCfg = Debug|Any CPU
		{159F44E1-CDA5-4B39-BB9C-70531EEA1AF9}.Debug|Any CPU.Build.0 = Debug|Any CPU
		{159F44E1-CDA5-4B39-BB9C-70531EEA1AF9}.Release|Any CPU.ActiveCfg = Release|Any CPU
		{159F44E1-CDA5-4B39-BB9C-70531EEA1AF9}.Release|Any CPU.Build.0 = Release|Any CPU
	EndGlobalSection
	GlobalSection(SolutionProperties) = preSolution
		HideSolutionNode = FALSE
	EndGlobalSection
	GlobalSection(NestedProjects) = preSolution
		{1BA0D333-8510-45E8-90CD-45BC7E94FEFE} = {7A4A85C7-690E-4F19-B186-661C37D6EA7D}
	EndGlobalSection
	GlobalSection(ExtensibilityGlobals) = postSolution
		SolutionGuid = {0235CFC9-F121-4FD8-8CD4-A7C4F4EB2E3C}
	EndGlobalSection
EndGlobal
