
Microsoft Visual Studio Solution File, Format Version 12.00
# Visual Studio Version 16
VisualStudioVersion = 16.0.31624.102
MinimumVisualStudioVersion = 10.0.40219.1
Project("{9A19103F-16F7-4668-BE54-9A1E7A4F7556}") = "ProductGrpc", "ProductGrpc\ProductGrpc.csproj", "{BCCBB235-DF39-46E4-BA6D-59B536F22C1E}"
EndProject
Global
	GlobalSection(SolutionConfigurationPlatforms) = preSolution
		Debug|Any CPU = Debug|Any CPU
		Release|Any CPU = Release|Any CPU
	EndGlobalSection
	GlobalSection(ProjectConfigurationPlatforms) = postSolution
		{BCCBB235-DF39-46E4-BA6D-59B536F22C1E}.Debug|Any CPU.ActiveCfg = Debug|Any CPU
		{BCCBB235-DF39-46E4-BA6D-59B536F22C1E}.Debug|Any CPU.Build.0 = Debug|Any CPU
		{BCCBB235-DF39-46E4-BA6D-59B536F22C1E}.Release|Any CPU.ActiveCfg = Release|Any CPU
		{BCCBB235-DF39-46E4-BA6D-59B536F22C1E}.Release|Any CPU.Build.0 = Release|Any CPU
	EndGlobalSection
	GlobalSection(SolutionProperties) = preSolution
		HideSolutionNode = FALSE
	EndGlobalSection
	GlobalSection(ExtensibilityGlobals) = postSolution
		SolutionGuid = {0235CFC9-F121-4FD8-8CD4-A7C4F4EB2E3C}
	EndGlobalSection
EndGlobal
